
Microsoft Visual Studio Solution File, Format Version 12.00
# Visual Studio 14
VisualStudioVersion = 14.0.25420.1
MinimumVisualStudioVersion = 10.0.40219.1
Project("{FAE04EC0-301F-11D3-BF4B-00C04F79EFBC}") = "OutlookSave", "OutlookSave.csproj", "{8A1E220C-E60E-4A22-8E91-65FD2D8EC5BB}"
EndProject
Project("{54435603-DBB4-11D2-8724-00A0C9A8B90C}") = "SetupOutlookSave", "SetupOutlookSave\SetupOutlookSave.vdproj", "{60C49A95-16D6-4E2F-893C-281E31625712}"
EndProject
Global
	GlobalSection(SolutionConfigurationPlatforms) = preSolution
		Debug|Any CPU = Debug|Any CPU
		Release|Any CPU = Release|Any CPU
	EndGlobalSection
	GlobalSection(ProjectConfigurationPlatforms) = postSolution
		{8A1E220C-E60E-4A22-8E91-65FD2D8EC5BB}.Debug|Any CPU.ActiveCfg = Debug|Any CPU
		{8A1E220C-E60E-4A22-8E91-65FD2D8EC5BB}.Debug|Any CPU.Build.0 = Debug|Any CPU
		{8A1E220C-E60E-4A22-8E91-65FD2D8EC5BB}.Release|Any CPU.ActiveCfg = Release|Any CPU
		{8A1E220C-E60E-4A22-8E91-65FD2D8EC5BB}.Release|Any CPU.Build.0 = Release|Any CPU
		{60C49A95-16D6-4E2F-893C-281E31625712}.Debug|Any CPU.ActiveCfg = Debug
		{60C49A95-16D6-4E2F-893C-281E31625712}.Release|Any CPU.ActiveCfg = Release
	EndGlobalSection
	GlobalSection(SolutionProperties) = preSolution
		HideSolutionNode = FALSE
	EndGlobalSection
EndGlobal
